
Microsoft Visual Studio Solution File, Format Version 12.00
# Visual Studio Version 17
VisualStudioVersion = 17.4.33213.308
MinimumVisualStudioVersion = 10.0.40219.1
Project("{2150E333-8FDC-42A3-9474-1A3956D46DE8}") = "Buttons", "Buttons", "{B8B5A360-7D12-4C2E-94D5-B12CF7C685FB}"
EndProject
Project("{9A19103F-16F7-4668-BE54-9A1E7A4F7556}") = "LongPressButton", "Buttons\LongPressButton\LongPressButton.csproj", "{7CCFD6DA-779A-4999-ABA9-26414344289C}"
EndProject
Project("{9A19103F-16F7-4668-BE54-9A1E7A4F7556}") = "StyledButton", "Buttons\StyledButton\StyledButton.csproj", "{8F8109DC-C829-469D-9EE8-08B96DC4B9A5}"
EndProject
Project("{9A19103F-16F7-4668-BE54-9A1E7A4F7556}") = "StyledLongPressButton", "Buttons\StyledLongPressButton\StyledLongPressButton.csproj", "{50A7CF5E-152F-4DD6-9B6F-7D1231AC9BF7}"
EndProject
Project("{9A19103F-16F7-4668-BE54-9A1E7A4F7556}") = "JoyStick", "Buttons\JoyStick\JoyStick.csproj", "{DA61852A-1EB7-4CDE-9FA7-E5729489635B}"
EndProject
Project("{2150E333-8FDC-42A3-9474-1A3956D46DE8}") = "Core", "Core", "{9B4DB9E2-A8CB-452A-9EF9-EF3A1D221B14}"
EndProject
Project("{8BC9CEB8-8B4A-11D0-8D11-00A0C91BC942}") = "dll_demo", "Core\dll_demo\dll_demo.vcxproj", "{73441CC0-9AB4-4A2E-A192-8DF822704731}"
EndProject
Project("{9A19103F-16F7-4668-BE54-9A1E7A4F7556}") = "CallNativeC", "Core\CallNativeC\CallNativeC.csproj", "{1C63B74E-0039-4DBA-AA4A-77E35432F968}"
EndProject
Project("{9A19103F-16F7-4668-BE54-9A1E7A4F7556}") = "DrawOnScreen", "Core\DrawOnScreen\DrawOnScreen.csproj", "{66AAA411-F706-4E5F-B036-016F65F095DA}"
EndProject
Project("{9A19103F-16F7-4668-BE54-9A1E7A4F7556}") = "MouseHook", "Core\MouseHook\MouseHook.csproj", "{B344124E-FD33-4D5F-9D94-CCB8E8CAC58B}"
EndProject
Project("{2150E333-8FDC-42A3-9474-1A3956D46DE8}") = "Apps", "Apps", "{32BC90D2-BB8C-454B-86D5-1A9B47DD998A}"
EndProject
Project("{9A19103F-16F7-4668-BE54-9A1E7A4F7556}") = "MouseTracker", "Apps\MouseTracker\MouseTracker.csproj", "{8182B85B-9AE0-4C93-A73F-9ED748DF9E74}"
EndProject
Project("{9A19103F-16F7-4668-BE54-9A1E7A4F7556}") = "NonFrameWindow", "Windows\NonFrameWindow\NonFrameWindow.csproj", "{0C39EFE2-6724-4E88-B969-65828F31AFC5}"
EndProject
Project("{9A19103F-16F7-4668-BE54-9A1E7A4F7556}") = "MouseTransparentWindow", "Windows\MouseTransparentWindow\MouseTransparentWindow.csproj", "{3CAF0561-D8AA-47F9-AB89-70ACFCD7C998}"
EndProject
Project("{2150E333-8FDC-42A3-9474-1A3956D46DE8}") = "Windows", "Windows", "{8CD3C3B1-ACB0-4F19-8DA3-DF558514F757}"
EndProject
Project("{9A19103F-16F7-4668-BE54-9A1E7A4F7556}") = "DynamicCreateButton", "Buttons\DynamicCreateButton\DynamicCreateButton.csproj", "{D4C59EF7-3227-48CF-AE72-C0B7EFE4263A}"
EndProject
Project("{2150E333-8FDC-42A3-9474-1A3956D46DE8}") = "DataGrid", "DataGrid", "{1D82EA8F-78D6-408E-9992-96461D1D16F2}"
EndProject
Project("{2150E333-8FDC-42A3-9474-1A3956D46DE8}") = "Containers", "Containers", "{CA2555DA-5C38-4D2B-BED7-A9CB86143565}"
EndProject
Project("{2150E333-8FDC-42A3-9474-1A3956D46DE8}") = "Grid", "Grid", "{A2D5D500-903B-4803-8833-E1AFC20DEEB8}"
EndProject
Project("{9A19103F-16F7-4668-BE54-9A1E7A4F7556}") = "GridDebugLines", "Containers\Grid\GridDebugLines\GridDebugLines.csproj", "{BA8FF069-3C11-4530-BF89-9B7831EA6A2B}"
EndProject
Project("{2150E333-8FDC-42A3-9474-1A3956D46DE8}") = "Binding", "Binding", "{2E0BD2C7-206A-4E13-AB9D-3E95642051D4}"
EndProject
Project("{FAE04EC0-301F-11D3-BF4B-00C04F79EFBC}") = "BindingCommon", "Binding\BindingCommon\BindingCommon.csproj", "{EC199CA2-CAA9-46A1-A5BE-2470D698557E}"
EndProject
Project("{FAE04EC0-301F-11D3-BF4B-00C04F79EFBC}") = "BindingLabel", "Binding\BindingLabel\BindingLabel.csproj", "{97796AE2-3BFD-4408-9949-2DF61052607C}"
EndProject
Project("{FAE04EC0-301F-11D3-BF4B-00C04F79EFBC}") = "DynamicBindingLabel", "Binding\DynamicBindingLabel\DynamicBindingLabel.csproj", "{163233B7-406F-49B6-B04F-9BC65985CC49}"
EndProject
Global
	GlobalSection(SolutionConfigurationPlatforms) = preSolution
		Debug|Any CPU = Debug|Any CPU
		Debug|x64 = Debug|x64
		Debug|x86 = Debug|x86
		Release|Any CPU = Release|Any CPU
		Release|x64 = Release|x64
		Release|x86 = Release|x86
	EndGlobalSection
	GlobalSection(ProjectConfigurationPlatforms) = postSolution
		{7CCFD6DA-779A-4999-ABA9-26414344289C}.Debug|Any CPU.ActiveCfg = Debug|Any CPU
		{7CCFD6DA-779A-4999-ABA9-26414344289C}.Debug|Any CPU.Build.0 = Debug|Any CPU
		{7CCFD6DA-779A-4999-ABA9-26414344289C}.Debug|x64.ActiveCfg = Debug|Any CPU
		{7CCFD6DA-779A-4999-ABA9-26414344289C}.Debug|x64.Build.0 = Debug|Any CPU
		{7CCFD6DA-779A-4999-ABA9-26414344289C}.Debug|x86.ActiveCfg = Debug|Any CPU
		{7CCFD6DA-779A-4999-ABA9-26414344289C}.Debug|x86.Build.0 = Debug|Any CPU
		{7CCFD6DA-779A-4999-ABA9-26414344289C}.Release|Any CPU.ActiveCfg = Release|Any CPU
		{7CCFD6DA-779A-4999-ABA9-26414344289C}.Release|Any CPU.Build.0 = Release|Any CPU
		{7CCFD6DA-779A-4999-ABA9-26414344289C}.Release|x64.ActiveCfg = Release|Any CPU
		{7CCFD6DA-779A-4999-ABA9-26414344289C}.Release|x64.Build.0 = Release|Any CPU
		{7CCFD6DA-779A-4999-ABA9-26414344289C}.Release|x86.ActiveCfg = Release|Any CPU
		{7CCFD6DA-779A-4999-ABA9-26414344289C}.Release|x86.Build.0 = Release|Any CPU
		{8F8109DC-C829-469D-9EE8-08B96DC4B9A5}.Debug|Any CPU.ActiveCfg = Debug|Any CPU
		{8F8109DC-C829-469D-9EE8-08B96DC4B9A5}.Debug|Any CPU.Build.0 = Debug|Any CPU
		{8F8109DC-C829-469D-9EE8-08B96DC4B9A5}.Debug|x64.ActiveCfg = Debug|Any CPU
		{8F8109DC-C829-469D-9EE8-08B96DC4B9A5}.Debug|x64.Build.0 = Debug|Any CPU
		{8F8109DC-C829-469D-9EE8-08B96DC4B9A5}.Debug|x86.ActiveCfg = Debug|Any CPU
		{8F8109DC-C829-469D-9EE8-08B96DC4B9A5}.Debug|x86.Build.0 = Debug|Any CPU
		{8F8109DC-C829-469D-9EE8-08B96DC4B9A5}.Release|Any CPU.ActiveCfg = Release|Any CPU
		{8F8109DC-C829-469D-9EE8-08B96DC4B9A5}.Release|Any CPU.Build.0 = Release|Any CPU
		{8F8109DC-C829-469D-9EE8-08B96DC4B9A5}.Release|x64.ActiveCfg = Release|Any CPU
		{8F8109DC-C829-469D-9EE8-08B96DC4B9A5}.Release|x64.Build.0 = Release|Any CPU
		{8F8109DC-C829-469D-9EE8-08B96DC4B9A5}.Release|x86.ActiveCfg = Release|Any CPU
		{8F8109DC-C829-469D-9EE8-08B96DC4B9A5}.Release|x86.Build.0 = Release|Any CPU
		{50A7CF5E-152F-4DD6-9B6F-7D1231AC9BF7}.Debug|Any CPU.ActiveCfg = Debug|Any CPU
		{50A7CF5E-152F-4DD6-9B6F-7D1231AC9BF7}.Debug|Any CPU.Build.0 = Debug|Any CPU
		{50A7CF5E-152F-4DD6-9B6F-7D1231AC9BF7}.Debug|x64.ActiveCfg = Debug|Any CPU
		{50A7CF5E-152F-4DD6-9B6F-7D1231AC9BF7}.Debug|x64.Build.0 = Debug|Any CPU
		{50A7CF5E-152F-4DD6-9B6F-7D1231AC9BF7}.Debug|x86.ActiveCfg = Debug|Any CPU
		{50A7CF5E-152F-4DD6-9B6F-7D1231AC9BF7}.Debug|x86.Build.0 = Debug|Any CPU
		{50A7CF5E-152F-4DD6-9B6F-7D1231AC9BF7}.Release|Any CPU.ActiveCfg = Release|Any CPU
		{50A7CF5E-152F-4DD6-9B6F-7D1231AC9BF7}.Release|Any CPU.Build.0 = Release|Any CPU
		{50A7CF5E-152F-4DD6-9B6F-7D1231AC9BF7}.Release|x64.ActiveCfg = Release|Any CPU
		{50A7CF5E-152F-4DD6-9B6F-7D1231AC9BF7}.Release|x64.Build.0 = Release|Any CPU
		{50A7CF5E-152F-4DD6-9B6F-7D1231AC9BF7}.Release|x86.ActiveCfg = Release|Any CPU
		{50A7CF5E-152F-4DD6-9B6F-7D1231AC9BF7}.Release|x86.Build.0 = Release|Any CPU
		{DA61852A-1EB7-4CDE-9FA7-E5729489635B}.Debug|Any CPU.ActiveCfg = Debug|Any CPU
		{DA61852A-1EB7-4CDE-9FA7-E5729489635B}.Debug|Any CPU.Build.0 = Debug|Any CPU
		{DA61852A-1EB7-4CDE-9FA7-E5729489635B}.Debug|x64.ActiveCfg = Debug|Any CPU
		{DA61852A-1EB7-4CDE-9FA7-E5729489635B}.Debug|x64.Build.0 = Debug|Any CPU
		{DA61852A-1EB7-4CDE-9FA7-E5729489635B}.Debug|x86.ActiveCfg = Debug|Any CPU
		{DA61852A-1EB7-4CDE-9FA7-E5729489635B}.Debug|x86.Build.0 = Debug|Any CPU
		{DA61852A-1EB7-4CDE-9FA7-E5729489635B}.Release|Any CPU.ActiveCfg = Release|Any CPU
		{DA61852A-1EB7-4CDE-9FA7-E5729489635B}.Release|Any CPU.Build.0 = Release|Any CPU
		{DA61852A-1EB7-4CDE-9FA7-E5729489635B}.Release|x64.ActiveCfg = Release|Any CPU
		{DA61852A-1EB7-4CDE-9FA7-E5729489635B}.Release|x64.Build.0 = Release|Any CPU
		{DA61852A-1EB7-4CDE-9FA7-E5729489635B}.Release|x86.ActiveCfg = Release|Any CPU
		{DA61852A-1EB7-4CDE-9FA7-E5729489635B}.Release|x86.Build.0 = Release|Any CPU
		{73441CC0-9AB4-4A2E-A192-8DF822704731}.Debug|Any CPU.ActiveCfg = Debug|x64
		{73441CC0-9AB4-4A2E-A192-8DF822704731}.Debug|Any CPU.Build.0 = Debug|x64
		{73441CC0-9AB4-4A2E-A192-8DF822704731}.Debug|x64.ActiveCfg = Debug|x64
		{73441CC0-9AB4-4A2E-A192-8DF822704731}.Debug|x64.Build.0 = Debug|x64
		{73441CC0-9AB4-4A2E-A192-8DF822704731}.Debug|x86.ActiveCfg = Debug|Win32
		{73441CC0-9AB4-4A2E-A192-8DF822704731}.Debug|x86.Build.0 = Debug|Win32
		{73441CC0-9AB4-4A2E-A192-8DF822704731}.Release|Any CPU.ActiveCfg = Release|x64
		{73441CC0-9AB4-4A2E-A192-8DF822704731}.Release|Any CPU.Build.0 = Release|x64
		{73441CC0-9AB4-4A2E-A192-8DF822704731}.Release|x64.ActiveCfg = Release|x64
		{73441CC0-9AB4-4A2E-A192-8DF822704731}.Release|x64.Build.0 = Release|x64
		{73441CC0-9AB4-4A2E-A192-8DF822704731}.Release|x86.ActiveCfg = Release|Win32
		{73441CC0-9AB4-4A2E-A192-8DF822704731}.Release|x86.Build.0 = Release|Win32
		{1C63B74E-0039-4DBA-AA4A-77E35432F968}.Debug|Any CPU.ActiveCfg = Debug|Any CPU
		{1C63B74E-0039-4DBA-AA4A-77E35432F968}.Debug|Any CPU.Build.0 = Debug|Any CPU
		{1C63B74E-0039-4DBA-AA4A-77E35432F968}.Debug|x64.ActiveCfg = Debug|Any CPU
		{1C63B74E-0039-4DBA-AA4A-77E35432F968}.Debug|x64.Build.0 = Debug|Any CPU
		{1C63B74E-0039-4DBA-AA4A-77E35432F968}.Debug|x86.ActiveCfg = Debug|Any CPU
		{1C63B74E-0039-4DBA-AA4A-77E35432F968}.Debug|x86.Build.0 = Debug|Any CPU
		{1C63B74E-0039-4DBA-AA4A-77E35432F968}.Release|Any CPU.ActiveCfg = Release|Any CPU
		{1C63B74E-0039-4DBA-AA4A-77E35432F968}.Release|Any CPU.Build.0 = Release|Any CPU
		{1C63B74E-0039-4DBA-AA4A-77E35432F968}.Release|x64.ActiveCfg = Release|Any CPU
		{1C63B74E-0039-4DBA-AA4A-77E35432F968}.Release|x64.Build.0 = Release|Any CPU
		{1C63B74E-0039-4DBA-AA4A-77E35432F968}.Release|x86.ActiveCfg = Release|Any CPU
		{1C63B74E-0039-4DBA-AA4A-77E35432F968}.Release|x86.Build.0 = Release|Any CPU
		{66AAA411-F706-4E5F-B036-016F65F095DA}.Debug|Any CPU.ActiveCfg = Debug|Any CPU
		{66AAA411-F706-4E5F-B036-016F65F095DA}.Debug|Any CPU.Build.0 = Debug|Any CPU
		{66AAA411-F706-4E5F-B036-016F65F095DA}.Debug|x64.ActiveCfg = Debug|Any CPU
		{66AAA411-F706-4E5F-B036-016F65F095DA}.Debug|x64.Build.0 = Debug|Any CPU
		{66AAA411-F706-4E5F-B036-016F65F095DA}.Debug|x86.ActiveCfg = Debug|Any CPU
		{66AAA411-F706-4E5F-B036-016F65F095DA}.Debug|x86.Build.0 = Debug|Any CPU
		{66AAA411-F706-4E5F-B036-016F65F095DA}.Release|Any CPU.ActiveCfg = Release|Any CPU
		{66AAA411-F706-4E5F-B036-016F65F095DA}.Release|Any CPU.Build.0 = Release|Any CPU
		{66AAA411-F706-4E5F-B036-016F65F095DA}.Release|x64.ActiveCfg = Release|Any CPU
		{66AAA411-F706-4E5F-B036-016F65F095DA}.Release|x64.Build.0 = Release|Any CPU
		{66AAA411-F706-4E5F-B036-016F65F095DA}.Release|x86.ActiveCfg = Release|Any CPU
		{66AAA411-F706-4E5F-B036-016F65F095DA}.Release|x86.Build.0 = Release|Any CPU
		{B344124E-FD33-4D5F-9D94-CCB8E8CAC58B}.Debug|Any CPU.ActiveCfg = Debug|Any CPU
		{B344124E-FD33-4D5F-9D94-CCB8E8CAC58B}.Debug|Any CPU.Build.0 = Debug|Any CPU
		{B344124E-FD33-4D5F-9D94-CCB8E8CAC58B}.Debug|x64.ActiveCfg = Debug|Any CPU
		{B344124E-FD33-4D5F-9D94-CCB8E8CAC58B}.Debug|x64.Build.0 = Debug|Any CPU
		{B344124E-FD33-4D5F-9D94-CCB8E8CAC58B}.Debug|x86.ActiveCfg = Debug|Any CPU
		{B344124E-FD33-4D5F-9D94-CCB8E8CAC58B}.Debug|x86.Build.0 = Debug|Any CPU
		{B344124E-FD33-4D5F-9D94-CCB8E8CAC58B}.Release|Any CPU.ActiveCfg = Release|Any CPU
		{B344124E-FD33-4D5F-9D94-CCB8E8CAC58B}.Release|Any CPU.Build.0 = Release|Any CPU
		{B344124E-FD33-4D5F-9D94-CCB8E8CAC58B}.Release|x64.ActiveCfg = Release|Any CPU
		{B344124E-FD33-4D5F-9D94-CCB8E8CAC58B}.Release|x64.Build.0 = Release|Any CPU
		{B344124E-FD33-4D5F-9D94-CCB8E8CAC58B}.Release|x86.ActiveCfg = Release|Any CPU
		{B344124E-FD33-4D5F-9D94-CCB8E8CAC58B}.Release|x86.Build.0 = Release|Any CPU
		{8182B85B-9AE0-4C93-A73F-9ED748DF9E74}.Debug|Any CPU.ActiveCfg = Debug|Any CPU
		{8182B85B-9AE0-4C93-A73F-9ED748DF9E74}.Debug|Any CPU.Build.0 = Debug|Any CPU
		{8182B85B-9AE0-4C93-A73F-9ED748DF9E74}.Debug|x64.ActiveCfg = Debug|Any CPU
		{8182B85B-9AE0-4C93-A73F-9ED748DF9E74}.Debug|x64.Build.0 = Debug|Any CPU
		{8182B85B-9AE0-4C93-A73F-9ED748DF9E74}.Debug|x86.ActiveCfg = Debug|Any CPU
		{8182B85B-9AE0-4C93-A73F-9ED748DF9E74}.Debug|x86.Build.0 = Debug|Any CPU
		{8182B85B-9AE0-4C93-A73F-9ED748DF9E74}.Release|Any CPU.ActiveCfg = Release|Any CPU
		{8182B85B-9AE0-4C93-A73F-9ED748DF9E74}.Release|Any CPU.Build.0 = Release|Any CPU
		{8182B85B-9AE0-4C93-A73F-9ED748DF9E74}.Release|x64.ActiveCfg = Release|Any CPU
		{8182B85B-9AE0-4C93-A73F-9ED748DF9E74}.Release|x64.Build.0 = Release|Any CPU
		{8182B85B-9AE0-4C93-A73F-9ED748DF9E74}.Release|x86.ActiveCfg = Release|Any CPU
		{8182B85B-9AE0-4C93-A73F-9ED748DF9E74}.Release|x86.Build.0 = Release|Any CPU
		{0C39EFE2-6724-4E88-B969-65828F31AFC5}.Debug|Any CPU.ActiveCfg = Debug|Any CPU
		{0C39EFE2-6724-4E88-B969-65828F31AFC5}.Debug|Any CPU.Build.0 = Debug|Any CPU
		{0C39EFE2-6724-4E88-B969-65828F31AFC5}.Debug|x64.ActiveCfg = Debug|Any CPU
		{0C39EFE2-6724-4E88-B969-65828F31AFC5}.Debug|x64.Build.0 = Debug|Any CPU
		{0C39EFE2-6724-4E88-B969-65828F31AFC5}.Debug|x86.ActiveCfg = Debug|Any CPU
		{0C39EFE2-6724-4E88-B969-65828F31AFC5}.Debug|x86.Build.0 = Debug|Any CPU
		{0C39EFE2-6724-4E88-B969-65828F31AFC5}.Release|Any CPU.ActiveCfg = Release|Any CPU
		{0C39EFE2-6724-4E88-B969-65828F31AFC5}.Release|Any CPU.Build.0 = Release|Any CPU
		{0C39EFE2-6724-4E88-B969-65828F31AFC5}.Release|x64.ActiveCfg = Release|Any CPU
		{0C39EFE2-6724-4E88-B969-65828F31AFC5}.Release|x64.Build.0 = Release|Any CPU
		{0C39EFE2-6724-4E88-B969-65828F31AFC5}.Release|x86.ActiveCfg = Release|Any CPU
		{0C39EFE2-6724-4E88-B969-65828F31AFC5}.Release|x86.Build.0 = Release|Any CPU
		{3CAF0561-D8AA-47F9-AB89-70ACFCD7C998}.Debug|Any CPU.ActiveCfg = Debug|Any CPU
		{3CAF0561-D8AA-47F9-AB89-70ACFCD7C998}.Debug|Any CPU.Build.0 = Debug|Any CPU
		{3CAF0561-D8AA-47F9-AB89-70ACFCD7C998}.Debug|x64.ActiveCfg = Debug|Any CPU
		{3CAF0561-D8AA-47F9-AB89-70ACFCD7C998}.Debug|x64.Build.0 = Debug|Any CPU
		{3CAF0561-D8AA-47F9-AB89-70ACFCD7C998}.Debug|x86.ActiveCfg = Debug|Any CPU
		{3CAF0561-D8AA-47F9-AB89-70ACFCD7C998}.Debug|x86.Build.0 = Debug|Any CPU
		{3CAF0561-D8AA-47F9-AB89-70ACFCD7C998}.Release|Any CPU.ActiveCfg = Release|Any CPU
		{3CAF0561-D8AA-47F9-AB89-70ACFCD7C998}.Release|Any CPU.Build.0 = Release|Any CPU
		{3CAF0561-D8AA-47F9-AB89-70ACFCD7C998}.Release|x64.ActiveCfg = Release|Any CPU
		{3CAF0561-D8AA-47F9-AB89-70ACFCD7C998}.Release|x64.Build.0 = Release|Any CPU
		{3CAF0561-D8AA-47F9-AB89-70ACFCD7C998}.Release|x86.ActiveCfg = Release|Any CPU
		{3CAF0561-D8AA-47F9-AB89-70ACFCD7C998}.Release|x86.Build.0 = Release|Any CPU
		{D4C59EF7-3227-48CF-AE72-C0B7EFE4263A}.Debug|Any CPU.ActiveCfg = Debug|Any CPU
		{D4C59EF7-3227-48CF-AE72-C0B7EFE4263A}.Debug|Any CPU.Build.0 = Debug|Any CPU
		{D4C59EF7-3227-48CF-AE72-C0B7EFE4263A}.Debug|x64.ActiveCfg = Debug|Any CPU
		{D4C59EF7-3227-48CF-AE72-C0B7EFE4263A}.Debug|x64.Build.0 = Debug|Any CPU
		{D4C59EF7-3227-48CF-AE72-C0B7EFE4263A}.Debug|x86.ActiveCfg = Debug|Any CPU
		{D4C59EF7-3227-48CF-AE72-C0B7EFE4263A}.Debug|x86.Build.0 = Debug|Any CPU
		{D4C59EF7-3227-48CF-AE72-C0B7EFE4263A}.Release|Any CPU.ActiveCfg = Release|Any CPU
		{D4C59EF7-3227-48CF-AE72-C0B7EFE4263A}.Release|Any CPU.Build.0 = Release|Any CPU
		{D4C59EF7-3227-48CF-AE72-C0B7EFE4263A}.Release|x64.ActiveCfg = Release|Any CPU
		{D4C59EF7-3227-48CF-AE72-C0B7EFE4263A}.Release|x64.Build.0 = Release|Any CPU
		{D4C59EF7-3227-48CF-AE72-C0B7EFE4263A}.Release|x86.ActiveCfg = Release|Any CPU
		{D4C59EF7-3227-48CF-AE72-C0B7EFE4263A}.Release|x86.Build.0 = Release|Any CPU
		{BA8FF069-3C11-4530-BF89-9B7831EA6A2B}.Debug|Any CPU.ActiveCfg = Debug|Any CPU
		{BA8FF069-3C11-4530-BF89-9B7831EA6A2B}.Debug|Any CPU.Build.0 = Debug|Any CPU
		{BA8FF069-3C11-4530-BF89-9B7831EA6A2B}.Debug|x64.ActiveCfg = Debug|Any CPU
		{BA8FF069-3C11-4530-BF89-9B7831EA6A2B}.Debug|x64.Build.0 = Debug|Any CPU
		{BA8FF069-3C11-4530-BF89-9B7831EA6A2B}.Debug|x86.ActiveCfg = Debug|Any CPU
		{BA8FF069-3C11-4530-BF89-9B7831EA6A2B}.Debug|x86.Build.0 = Debug|Any CPU
		{BA8FF069-3C11-4530-BF89-9B7831EA6A2B}.Release|Any CPU.ActiveCfg = Release|Any CPU
		{BA8FF069-3C11-4530-BF89-9B7831EA6A2B}.Release|Any CPU.Build.0 = Release|Any CPU
		{BA8FF069-3C11-4530-BF89-9B7831EA6A2B}.Release|x64.ActiveCfg = Release|Any CPU
		{BA8FF069-3C11-4530-BF89-9B7831EA6A2B}.Release|x64.Build.0 = Release|Any CPU
		{BA8FF069-3C11-4530-BF89-9B7831EA6A2B}.Release|x86.ActiveCfg = Release|Any CPU
		{BA8FF069-3C11-4530-BF89-9B7831EA6A2B}.Release|x86.Build.0 = Release|Any CPU
		{EC199CA2-CAA9-46A1-A5BE-2470D698557E}.Debug|Any CPU.ActiveCfg = Debug|Any CPU
		{EC199CA2-CAA9-46A1-A5BE-2470D698557E}.Debug|Any CPU.Build.0 = Debug|Any CPU
		{EC199CA2-CAA9-46A1-A5BE-2470D698557E}.Debug|x64.ActiveCfg = Debug|Any CPU
		{EC199CA2-CAA9-46A1-A5BE-2470D698557E}.Debug|x64.Build.0 = Debug|Any CPU
		{EC199CA2-CAA9-46A1-A5BE-2470D698557E}.Debug|x86.ActiveCfg = Debug|Any CPU
		{EC199CA2-CAA9-46A1-A5BE-2470D698557E}.Debug|x86.Build.0 = Debug|Any CPU
		{EC199CA2-CAA9-46A1-A5BE-2470D698557E}.Release|Any CPU.ActiveCfg = Release|Any CPU
		{EC199CA2-CAA9-46A1-A5BE-2470D698557E}.Release|Any CPU.Build.0 = Release|Any CPU
		{EC199CA2-CAA9-46A1-A5BE-2470D698557E}.Release|x64.ActiveCfg = Release|Any CPU
		{EC199CA2-CAA9-46A1-A5BE-2470D698557E}.Release|x64.Build.0 = Release|Any CPU
		{EC199CA2-CAA9-46A1-A5BE-2470D698557E}.Release|x86.ActiveCfg = Release|Any CPU
		{EC199CA2-CAA9-46A1-A5BE-2470D698557E}.Release|x86.Build.0 = Release|Any CPU
		{97796AE2-3BFD-4408-9949-2DF61052607C}.Debug|Any CPU.ActiveCfg = Debug|Any CPU
		{97796AE2-3BFD-4408-9949-2DF61052607C}.Debug|Any CPU.Build.0 = Debug|Any CPU
		{97796AE2-3BFD-4408-9949-2DF61052607C}.Debug|x64.ActiveCfg = Debug|Any CPU
		{97796AE2-3BFD-4408-9949-2DF61052607C}.Debug|x64.Build.0 = Debug|Any CPU
		{97796AE2-3BFD-4408-9949-2DF61052607C}.Debug|x86.ActiveCfg = Debug|Any CPU
		{97796AE2-3BFD-4408-9949-2DF61052607C}.Debug|x86.Build.0 = Debug|Any CPU
		{97796AE2-3BFD-4408-9949-2DF61052607C}.Release|Any CPU.ActiveCfg = Release|Any CPU
		{97796AE2-3BFD-4408-9949-2DF61052607C}.Release|Any CPU.Build.0 = Release|Any CPU
		{97796AE2-3BFD-4408-9949-2DF61052607C}.Release|x64.ActiveCfg = Release|Any CPU
		{97796AE2-3BFD-4408-9949-2DF61052607C}.Release|x64.Build.0 = Release|Any CPU
		{97796AE2-3BFD-4408-9949-2DF61052607C}.Release|x86.ActiveCfg = Release|Any CPU
		{97796AE2-3BFD-4408-9949-2DF61052607C}.Release|x86.Build.0 = Release|Any CPU
		{163233B7-406F-49B6-B04F-9BC65985CC49}.Debug|Any CPU.ActiveCfg = Debug|Any CPU
		{163233B7-406F-49B6-B04F-9BC65985CC49}.Debug|Any CPU.Build.0 = Debug|Any CPU
		{163233B7-406F-49B6-B04F-9BC65985CC49}.Debug|x64.ActiveCfg = Debug|Any CPU
		{163233B7-406F-49B6-B04F-9BC65985CC49}.Debug|x64.Build.0 = Debug|Any CPU
		{163233B7-406F-49B6-B04F-9BC65985CC49}.Debug|x86.ActiveCfg = Debug|Any CPU
		{163233B7-406F-49B6-B04F-9BC65985CC49}.Debug|x86.Build.0 = Debug|Any CPU
		{163233B7-406F-49B6-B04F-9BC65985CC49}.Release|Any CPU.ActiveCfg = Release|Any CPU
		{163233B7-406F-49B6-B04F-9BC65985CC49}.Release|Any CPU.Build.0 = Release|Any CPU
		{163233B7-406F-49B6-B04F-9BC65985CC49}.Release|x64.ActiveCfg = Release|Any CPU
		{163233B7-406F-49B6-B04F-9BC65985CC49}.Release|x64.Build.0 = Release|Any CPU
		{163233B7-406F-49B6-B04F-9BC65985CC49}.Release|x86.ActiveCfg = Release|Any CPU
		{163233B7-406F-49B6-B04F-9BC65985CC49}.Release|x86.Build.0 = Release|Any CPU
	EndGlobalSection
	GlobalSection(SolutionProperties) = preSolution
		HideSolutionNode = FALSE
	EndGlobalSection
	GlobalSection(NestedProjects) = preSolution
		{7CCFD6DA-779A-4999-ABA9-26414344289C} = {B8B5A360-7D12-4C2E-94D5-B12CF7C685FB}
		{8F8109DC-C829-469D-9EE8-08B96DC4B9A5} = {B8B5A360-7D12-4C2E-94D5-B12CF7C685FB}
		{50A7CF5E-152F-4DD6-9B6F-7D1231AC9BF7} = {B8B5A360-7D12-4C2E-94D5-B12CF7C685FB}
		{DA61852A-1EB7-4CDE-9FA7-E5729489635B} = {B8B5A360-7D12-4C2E-94D5-B12CF7C685FB}
		{73441CC0-9AB4-4A2E-A192-8DF822704731} = {9B4DB9E2-A8CB-452A-9EF9-EF3A1D221B14}
		{1C63B74E-0039-4DBA-AA4A-77E35432F968} = {9B4DB9E2-A8CB-452A-9EF9-EF3A1D221B14}
		{66AAA411-F706-4E5F-B036-016F65F095DA} = {9B4DB9E2-A8CB-452A-9EF9-EF3A1D221B14}
		{B344124E-FD33-4D5F-9D94-CCB8E8CAC58B} = {9B4DB9E2-A8CB-452A-9EF9-EF3A1D221B14}
		{8182B85B-9AE0-4C93-A73F-9ED748DF9E74} = {32BC90D2-BB8C-454B-86D5-1A9B47DD998A}
		{0C39EFE2-6724-4E88-B969-65828F31AFC5} = {8CD3C3B1-ACB0-4F19-8DA3-DF558514F757}
		{3CAF0561-D8AA-47F9-AB89-70ACFCD7C998} = {8CD3C3B1-ACB0-4F19-8DA3-DF558514F757}
		{D4C59EF7-3227-48CF-AE72-C0B7EFE4263A} = {B8B5A360-7D12-4C2E-94D5-B12CF7C685FB}
		{A2D5D500-903B-4803-8833-E1AFC20DEEB8} = {CA2555DA-5C38-4D2B-BED7-A9CB86143565}
		{BA8FF069-3C11-4530-BF89-9B7831EA6A2B} = {A2D5D500-903B-4803-8833-E1AFC20DEEB8}
		{EC199CA2-CAA9-46A1-A5BE-2470D698557E} = {2E0BD2C7-206A-4E13-AB9D-3E95642051D4}
		{97796AE2-3BFD-4408-9949-2DF61052607C} = {2E0BD2C7-206A-4E13-AB9D-3E95642051D4}
		{163233B7-406F-49B6-B04F-9BC65985CC49} = {2E0BD2C7-206A-4E13-AB9D-3E95642051D4}
	EndGlobalSection
	GlobalSection(ExtensibilityGlobals) = postSolution
		SolutionGuid = {8BFC28F5-C1D3-44C7-838A-E69AAE0F6662}
	EndGlobalSection
EndGlobal
